# THIS IS AN AUTOGENERATED FILE. DO NOT EDIT THIS FILE DIRECTLY.
# yarn lockfile v1


"@UniversityOfHawaii/simple-app@UniversityOfHawaii/wc-simple-app":
  version "0.0.0"
  resolved "git+ssh://git@github.com/UniversityOfHawaii/wc-simple-app.git#a8bccccbcebf61eb97f46813244485fc5588ebaf"

"@material/animation@^0.34.0":
  version "0.34.0"
  resolved "https://registry.yarnpkg.com/@material/animation/-/animation-0.34.0.tgz#a99cc9dabf7d0179b4da9a0aaa1575c4d1513823"

"@material/base@^0.35.0":
  version "0.35.0"
  resolved "https://registry.yarnpkg.com/@material/base/-/base-0.35.0.tgz#8640c2da385e8cc393ff56153c5a319f5a7704cb"

"@material/card@0.37.1":
  version "0.37.1"
  resolved "https://registry.yarnpkg.com/@material/card/-/card-0.37.1.tgz#6c5a56814cacbf4ab3b09b5aea030cf22857646f"
  dependencies:
    "@material/elevation" "^0.36.1"
    "@material/ripple" "^0.37.1"
    "@material/rtl" "^0.36.0"
    "@material/theme" "^0.35.0"

"@material/elevation@^0.36.1":
  version "0.36.1"
  resolved "https://registry.yarnpkg.com/@material/elevation/-/elevation-0.36.1.tgz#663a527ad2a0b2bcf0cd67835ec6fe8e8f6609da"
  dependencies:
    "@material/animation" "^0.34.0"
    "@material/theme" "^0.35.0"

"@material/ripple@^0.37.1":
  version "0.37.1"
  resolved "https://registry.yarnpkg.com/@material/ripple/-/ripple-0.37.1.tgz#7bfe43036c2a9066f5083ba2ac5b952d96be16a4"
  dependencies:
    "@material/animation" "^0.34.0"
    "@material/base" "^0.35.0"
    "@material/theme" "^0.35.0"

"@material/rtl@^0.36.0":
  version "0.36.0"
  resolved "https://registry.yarnpkg.com/@material/rtl/-/rtl-0.36.0.tgz#a81b587981dc6e09f51e26da8a7447f89358ccd5"

"@material/theme@^0.35.0":
  version "0.35.0"
  resolved "https://registry.yarnpkg.com/@material/theme/-/theme-0.35.0.tgz#a2c76f60b82a53d399b769ef91ec52e83ad3c3bd"

"@polymer/font-roboto@^3.0.0-pre.21":
  version "3.0.0-pre.21"
  resolved "https://registry.yarnpkg.com/@polymer/font-roboto/-/font-roboto-3.0.0-pre.21.tgz#65674464138a51f57cfdfd043e394d8fe75990b3"

"@polymer/iron-a11y-announcer@^3.0.0-pre.21":
  version "3.0.0-pre.21"
  resolved "https://registry.yarnpkg.com/@polymer/iron-a11y-announcer/-/iron-a11y-announcer-3.0.0-pre.21.tgz#717cfd1b34f281c2085ad6b45ecd724bd2ae6d84"
  dependencies:
    "@polymer/polymer" "^3.0.0"

"@polymer/iron-a11y-keys-behavior@^3.0.0-pre.21":
  version "3.0.0-pre.21"
  resolved "https://registry.yarnpkg.com/@polymer/iron-a11y-keys-behavior/-/iron-a11y-keys-behavior-3.0.0-pre.21.tgz#4b79ebfea1fb59225c00a6d9b360df7ed2696c19"
  dependencies:
    "@polymer/polymer" "^3.0.0"

"@polymer/iron-ajax@^3.0.0-pre.21":
  version "3.0.0-pre.21"
  resolved "https://registry.yarnpkg.com/@polymer/iron-ajax/-/iron-ajax-3.0.0-pre.21.tgz#66c31e02f2b0403f5fa4157433a1e6daa0457a6a"
  dependencies:
    "@polymer/polymer" "^3.0.0"

"@polymer/iron-behaviors@^3.0.0-pre.21":
  version "3.0.0-pre.21"
  resolved "https://registry.yarnpkg.com/@polymer/iron-behaviors/-/iron-behaviors-3.0.0-pre.21.tgz#47ea698ccf02842d4ac7a24dcdef06db8a8d9892"
  dependencies:
    "@polymer/iron-a11y-keys-behavior" "^3.0.0-pre.21"
    "@polymer/polymer" "^3.0.0"

"@polymer/iron-checked-element-behavior@^3.0.0-pre.21":
  version "3.0.0-pre.21"
  resolved "https://registry.yarnpkg.com/@polymer/iron-checked-element-behavior/-/iron-checked-element-behavior-3.0.0-pre.21.tgz#778c66d07e8273299700ebd53fb849fd65d4b3a6"
  dependencies:
    "@polymer/iron-form-element-behavior" "^3.0.0-pre.21"
    "@polymer/iron-validatable-behavior" "^3.0.0-pre.21"
    "@polymer/polymer" "^3.0.0"

"@polymer/iron-fit-behavior@^3.0.0-pre.21":
  version "3.0.0-pre.21"
  resolved "https://registry.yarnpkg.com/@polymer/iron-fit-behavior/-/iron-fit-behavior-3.0.0-pre.21.tgz#c82f545b0ddef2afe95365ff4d4aab21bbf6e766"
  dependencies:
    "@polymer/polymer" "^3.0.0"

"@polymer/iron-flex-layout@^3.0.0-pre.21":
  version "3.0.0-pre.21"
  resolved "https://registry.yarnpkg.com/@polymer/iron-flex-layout/-/iron-flex-layout-3.0.0-pre.21.tgz#064bccb85ec2091b66366970e8867d3de7bb273d"
  dependencies:
    "@polymer/polymer" "^3.0.0"

"@polymer/iron-form-element-behavior@^3.0.0-pre.21":
  version "3.0.0-pre.21"
  resolved "https://registry.yarnpkg.com/@polymer/iron-form-element-behavior/-/iron-form-element-behavior-3.0.0-pre.21.tgz#47b2aa9e4c335f77264a370534e23fe6ec83457b"
  dependencies:
    "@polymer/polymer" "^3.0.0"

"@polymer/iron-icon@^3.0.0-pre.21":
  version "3.0.0-pre.21"
  resolved "https://registry.yarnpkg.com/@polymer/iron-icon/-/iron-icon-3.0.0-pre.21.tgz#5ef3e483f02823778e99c1b5e16ddac472b5dce5"
  dependencies:
    "@polymer/iron-flex-layout" "^3.0.0-pre.21"
    "@polymer/iron-meta" "^3.0.0-pre.21"
    "@polymer/polymer" "^3.0.0"

"@polymer/iron-icons@^3.0.0-pre.21":
  version "3.0.0-pre.21"
  resolved "https://registry.yarnpkg.com/@polymer/iron-icons/-/iron-icons-3.0.0-pre.21.tgz#71cfd157b21f55a931bcc101650aab15825010e4"
  dependencies:
    "@polymer/iron-icon" "^3.0.0-pre.21"
    "@polymer/iron-iconset-svg" "^3.0.0-pre.21"
    "@polymer/polymer" "^3.0.0"

"@polymer/iron-iconset-svg@^3.0.0-pre.21":
  version "3.0.0-pre.21"
  resolved "https://registry.yarnpkg.com/@polymer/iron-iconset-svg/-/iron-iconset-svg-3.0.0-pre.21.tgz#1248f341837789801a9000cdd3b3453b59f91021"
  dependencies:
    "@polymer/iron-meta" "^3.0.0-pre.21"
    "@polymer/polymer" "^3.0.0"

"@polymer/iron-image@^3.0.0-pre.21":
  version "3.0.0-pre.21"
  resolved "https://registry.yarnpkg.com/@polymer/iron-image/-/iron-image-3.0.0-pre.21.tgz#0838f7699c7ad7928cbbdcca894dd3e79b3ed6f0"
  dependencies:
    "@polymer/polymer" "^3.0.0"

"@polymer/iron-meta@^3.0.0-pre.21":
  version "3.0.0-pre.21"
  resolved "https://registry.yarnpkg.com/@polymer/iron-meta/-/iron-meta-3.0.0-pre.21.tgz#e74ab386a1b490031e329f7ec032316bec24fa2a"
  dependencies:
    "@polymer/polymer" "^3.0.0"

"@polymer/iron-overlay-behavior@^3.0.0-pre.21":
  version "3.0.0-pre.21"
  resolved "https://registry.yarnpkg.com/@polymer/iron-overlay-behavior/-/iron-overlay-behavior-3.0.0-pre.21.tgz#d27144c901f3daf56217baaa2762aa7b87611e82"
  dependencies:
    "@polymer/iron-a11y-keys-behavior" "^3.0.0-pre.21"
    "@polymer/iron-fit-behavior" "^3.0.0-pre.21"
    "@polymer/iron-resizable-behavior" "^3.0.0-pre.21"
    "@polymer/polymer" "^3.0.0"

"@polymer/iron-resizable-behavior@^3.0.0-pre.21":
  version "3.0.0-pre.21"
  resolved "https://registry.yarnpkg.com/@polymer/iron-resizable-behavior/-/iron-resizable-behavior-3.0.0-pre.21.tgz#839ab0f194fd85921146d80970afe29ba835b7d7"
  dependencies:
    "@polymer/polymer" "^3.0.0"

"@polymer/iron-selector@^3.0.0-pre.21":
  version "3.0.0-pre.21"
  resolved "https://registry.yarnpkg.com/@polymer/iron-selector/-/iron-selector-3.0.0-pre.21.tgz#02532f772f5811a72bf3cb38776e3cc319288990"
  dependencies:
    "@polymer/polymer" "^3.0.0"

"@polymer/iron-validatable-behavior@^3.0.0-pre.21":
  version "3.0.0-pre.21"
  resolved "https://registry.yarnpkg.com/@polymer/iron-validatable-behavior/-/iron-validatable-behavior-3.0.0-pre.21.tgz#3c26ed42c0221a1b34d3cfb39c4d1a3b68d67ffe"
  dependencies:
    "@polymer/iron-meta" "^3.0.0-pre.21"
    "@polymer/polymer" "^3.0.0"

"@polymer/lit-element@^0.5.2":
  version "0.5.2"
  resolved "https://registry.yarnpkg.com/@polymer/lit-element/-/lit-element-0.5.2.tgz#8d4e2d1ada27cf0f1a38b7b0eb9fadae92eb63df"
  dependencies:
    "@polymer/polymer" "^3.0.2"
    lit-html "^0.10.0"

"@polymer/neon-animation@^3.0.0-pre.21":
  version "3.0.0-pre.21"
  resolved "https://registry.yarnpkg.com/@polymer/neon-animation/-/neon-animation-3.0.0-pre.21.tgz#5a179b0091b52a32b82aa7a80e6ea8ff2f7d17e8"
  dependencies:
    "@polymer/iron-resizable-behavior" "^3.0.0-pre.21"
    "@polymer/iron-selector" "^3.0.0-pre.21"
    "@polymer/polymer" "^3.0.0"

"@polymer/paper-behaviors@^3.0.0-pre.21":
  version "3.0.0-pre.21"
  resolved "https://registry.yarnpkg.com/@polymer/paper-behaviors/-/paper-behaviors-3.0.0-pre.21.tgz#be01b8a101c221fc3a100350028cc55107b5db14"
  dependencies:
    "@polymer/iron-behaviors" "^3.0.0-pre.21"
    "@polymer/iron-checked-element-behavior" "^3.0.0-pre.21"
    "@polymer/paper-ripple" "^3.0.0-pre.21"
    "@polymer/polymer" "^3.0.0"

"@polymer/paper-button@^3.0.0-pre.21":
  version "3.0.0-pre.21"
  resolved "https://registry.yarnpkg.com/@polymer/paper-button/-/paper-button-3.0.0-pre.21.tgz#fa3531b0fe3fe45371249fdb27ea7763a53aab80"
  dependencies:
    "@polymer/iron-flex-layout" "^3.0.0-pre.21"
    "@polymer/paper-behaviors" "^3.0.0-pre.21"
    "@polymer/paper-styles" "^3.0.0-pre.21"
    "@polymer/polymer" "^3.0.0"

"@polymer/paper-dialog-behavior@^3.0.0-pre.21":
  version "3.0.0-pre.21"
  resolved "https://registry.yarnpkg.com/@polymer/paper-dialog-behavior/-/paper-dialog-behavior-3.0.0-pre.21.tgz#a2fc4c45ff5ca432ce851054c793f786806200e2"
  dependencies:
    "@polymer/iron-overlay-behavior" "^3.0.0-pre.21"
    "@polymer/paper-styles" "^3.0.0-pre.21"
    "@polymer/polymer" "^3.0.0"

"@polymer/paper-dialog@^3.0.0-pre.21":
  version "3.0.0-pre.21"
  resolved "https://registry.yarnpkg.com/@polymer/paper-dialog/-/paper-dialog-3.0.0-pre.21.tgz#7208f533b76e6487f0117afb937f9dd9173b3bb1"
  dependencies:
    "@polymer/iron-overlay-behavior" "^3.0.0-pre.21"
    "@polymer/neon-animation" "^3.0.0-pre.21"
    "@polymer/paper-dialog-behavior" "^3.0.0-pre.21"
    "@polymer/polymer" "^3.0.0"

"@polymer/paper-ripple@^3.0.0-pre.21":
  version "3.0.0-pre.21"
  resolved "https://registry.yarnpkg.com/@polymer/paper-ripple/-/paper-ripple-3.0.0-pre.21.tgz#9375760af161c142591b3a0a1d4db299fb174067"
  dependencies:
    "@polymer/iron-a11y-keys-behavior" "^3.0.0-pre.21"
    "@polymer/polymer" "^3.0.0"

"@polymer/paper-spinner@^3.0.0-pre.21":
  version "3.0.0-pre.21"
  resolved "https://registry.yarnpkg.com/@polymer/paper-spinner/-/paper-spinner-3.0.0-pre.21.tgz#64e3d3426378d522b48ddf8f653d3ae2375a9a76"
  dependencies:
    "@polymer/paper-styles" "^3.0.0-pre.21"
    "@polymer/polymer" "^3.0.0"

"@polymer/paper-styles@^3.0.0-pre.21":
  version "3.0.0-pre.21"
  resolved "https://registry.yarnpkg.com/@polymer/paper-styles/-/paper-styles-3.0.0-pre.21.tgz#9406bdb3c22c3d132086fae50079d0b5bf5c0541"
  dependencies:
    "@polymer/font-roboto" "^3.0.0-pre.21"
    "@polymer/iron-flex-layout" "^3.0.0-pre.21"
    "@polymer/polymer" "^3.0.0"

"@polymer/paper-toast@^3.0.0-pre.21":
  version "3.0.0-pre.21"
  resolved "https://registry.yarnpkg.com/@polymer/paper-toast/-/paper-toast-3.0.0-pre.21.tgz#5ecea2a4f05616b2d4839e2d0ebf65b3fbf958ab"
  dependencies:
    "@polymer/iron-a11y-announcer" "^3.0.0-pre.21"
    "@polymer/iron-fit-behavior" "^3.0.0-pre.21"
    "@polymer/iron-overlay-behavior" "^3.0.0-pre.21"
    "@polymer/polymer" "^3.0.0"

"@polymer/paper-toolbar@^3.0.0-pre.21":
  version "3.0.0-pre.21"
  resolved "https://registry.yarnpkg.com/@polymer/paper-toolbar/-/paper-toolbar-3.0.0-pre.21.tgz#862e92c8d4fdd17a295e052e28f6d3de67366d49"
  dependencies:
    "@polymer/iron-flex-layout" "^3.0.0-pre.21"
    "@polymer/paper-styles" "^3.0.0-pre.21"
    "@polymer/polymer" "^3.0.0"

"@polymer/polymer@^3.0.0", "@polymer/polymer@^3.0.2":
  version "3.0.2"
  resolved "https://registry.yarnpkg.com/@polymer/polymer/-/polymer-3.0.2.tgz#626e6f9fae9716b0962ce0211e21df242153eab2"
  dependencies:
    "@webcomponents/shadycss" "^1.2.0"

"@webcomponents/shadycss@^1.2.0":
  version "1.3.5"
  resolved "https://registry.yarnpkg.com/@webcomponents/shadycss/-/shadycss-1.3.5.tgz#b19b45604811e428f7030d8710eebd4da0c6a353"

"@webcomponents/webcomponentsjs@^2.0.2":
  version "2.0.3"
  resolved "https://registry.yarnpkg.com/@webcomponents/webcomponentsjs/-/webcomponentsjs-2.0.3.tgz#5988527650d24e6bf2e40c7af4f7ca54141afbde"

count-down@uhawaii-system-its-mis-components/count-down#2018.7.24:
  version "2018.7.24"
  resolved "https://codeload.github.com/uhawaii-system-its-mis-components/count-down/tar.gz/986972680482a3ae1908e6846a21315af9248a19"
  dependencies:
    "@polymer/lit-element" "^0.5.2"
    "@webcomponents/webcomponentsjs" "^2.0.2"
    countdown "^2.6.0"

countdown@^2.6.0:
  version "2.6.0"
  resolved "https://registry.yarnpkg.com/countdown/-/countdown-2.6.0.tgz#677fb8e3a9d4cc4e76415901ba253b518af34177"

lit-html@^0.10.0:
  version "0.10.2"
  resolved "https://registry.yarnpkg.com/lit-html/-/lit-html-0.10.2.tgz#53c846afcf91bb1e6623179ef22e327ab8ac0e0e"
